
Microsoft Visual Studio Solution File, Format Version 12.00
# Visual Studio Version 17
VisualStudioVersion = 17.11.35219.272
MinimumVisualStudioVersion = 10.0.40219.1
Project("{9A19103F-16F7-4668-BE54-9A1E7A4F7556}") = "Escuela_P2_Herencia", "Escuela_P2_Herencia\Escuela_P2_Herencia.csproj", "{2B53A26F-C552-4DFC-9632-026AEB118745}"
EndProject
Project("{9A19103F-16F7-4668-BE54-9A1E7A4F7556}") = "Shape_P2_Herencia", "..\Shape_P2_Herencia\Shape_P2_Herencia\Shape_P2_Herencia.csproj", "{F67E0120-0091-4238-8C1F-344D445B6D26}"
EndProject
Global
	GlobalSection(SolutionConfigurationPlatforms) = preSolution
		Debug|Any CPU = Debug|Any CPU
		Release|Any CPU = Release|Any CPU
	EndGlobalSection
	GlobalSection(ProjectConfigurationPlatforms) = postSolution
		{2B53A26F-C552-4DFC-9632-026AEB118745}.Debug|Any CPU.ActiveCfg = Debug|Any CPU
		{2B53A26F-C552-4DFC-9632-026AEB118745}.Debug|Any CPU.Build.0 = Debug|Any CPU
		{2B53A26F-C552-4DFC-9632-026AEB118745}.Release|Any CPU.ActiveCfg = Release|Any CPU
		{2B53A26F-C552-4DFC-9632-026AEB118745}.Release|Any CPU.Build.0 = Release|Any CPU
		{F67E0120-0091-4238-8C1F-344D445B6D26}.Debug|Any CPU.ActiveCfg = Debug|Any CPU
		{F67E0120-0091-4238-8C1F-344D445B6D26}.Debug|Any CPU.Build.0 = Debug|Any CPU
		{F67E0120-0091-4238-8C1F-344D445B6D26}.Release|Any CPU.ActiveCfg = Release|Any CPU
		{F67E0120-0091-4238-8C1F-344D445B6D26}.Release|Any CPU.Build.0 = Release|Any CPU
	EndGlobalSection
	GlobalSection(SolutionProperties) = preSolution
		HideSolutionNode = FALSE
	EndGlobalSection
	GlobalSection(ExtensibilityGlobals) = postSolution
		SolutionGuid = {D380A601-0091-4B16-876D-FE0FDD8B58A1}
	EndGlobalSection
EndGlobal
